
Microsoft Visual Studio Solution File, Format Version 12.00
# Visual Studio 15
VisualStudioVersion = 15.0.27004.2002
MinimumVisualStudioVersion = 10.0.40219.1
Project("{FAE04EC0-301F-11D3-BF4B-00C04F79EFBC}") = "IS7024Labs", "IS7024Labs\IS7024Labs.csproj", "{3A515A95-35A0-4A0A-80E1-3183587041B6}"
EndProject
Project("{FAE04EC0-301F-11D3-BF4B-00C04F79EFBC}") = "Lab4RESTService", "Lab4RESTService\Lab4RESTService.csproj", "{2B21D4FF-561D-4FE5-B1C9-81EA1868A708}"
EndProject
Global
	GlobalSection(SolutionConfigurationPlatforms) = preSolution
		Debug|Any CPU = Debug|Any CPU
		Release|Any CPU = Release|Any CPU
	EndGlobalSection
	GlobalSection(ProjectConfigurationPlatforms) = postSolution
		{3A515A95-35A0-4A0A-80E1-3183587041B6}.Debug|Any CPU.ActiveCfg = Debug|Any CPU
		{3A515A95-35A0-4A0A-80E1-3183587041B6}.Debug|Any CPU.Build.0 = Debug|Any CPU
		{3A515A95-35A0-4A0A-80E1-3183587041B6}.Release|Any CPU.ActiveCfg = Release|Any CPU
		{3A515A95-35A0-4A0A-80E1-3183587041B6}.Release|Any CPU.Build.0 = Release|Any CPU
		{2B21D4FF-561D-4FE5-B1C9-81EA1868A708}.Debug|Any CPU.ActiveCfg = Debug|Any CPU
		{2B21D4FF-561D-4FE5-B1C9-81EA1868A708}.Debug|Any CPU.Build.0 = Debug|Any CPU
		{2B21D4FF-561D-4FE5-B1C9-81EA1868A708}.Release|Any CPU.ActiveCfg = Release|Any CPU
		{2B21D4FF-561D-4FE5-B1C9-81EA1868A708}.Release|Any CPU.Build.0 = Release|Any CPU
	EndGlobalSection
	GlobalSection(SolutionProperties) = preSolution
		HideSolutionNode = FALSE
	EndGlobalSection
	GlobalSection(ExtensibilityGlobals) = postSolution
		SolutionGuid = {CCC16FA8-6615-45F0-8BA3-9F3AB6D810F8}
	EndGlobalSection
EndGlobal
