
Microsoft Visual Studio Solution File, Format Version 12.00
# Visual Studio 15
VisualStudioVersion = 15.0.27004.2002
MinimumVisualStudioVersion = 10.0.40219.1
Project("{E24C65DC-7377-472B-9ABA-BC803B73C61A}") = "IS7024Service", "..\IS7024GroupProject\IS7024Service\", "{685D1F0B-6033-42D5-8850-B170DF55730B}"
	ProjectSection(WebsiteProperties) = preProject
		TargetFrameworkMoniker = ".NETFramework,Version%3Dv4.6.1"
		Debug.AspNetCompiler.VirtualPath = "/localhost_50855"
		Debug.AspNetCompiler.PhysicalPath = "..\IS7024GroupProject\IS7024Service\"
		Debug.AspNetCompiler.TargetPath = "PrecompiledWeb\localhost_50855\"
		Debug.AspNetCompiler.Updateable = "true"
		Debug.AspNetCompiler.ForceOverwrite = "true"
		Debug.AspNetCompiler.FixedNames = "false"
		Debug.AspNetCompiler.Debug = "True"
		Release.AspNetCompiler.VirtualPath = "/localhost_50855"
		Release.AspNetCompiler.PhysicalPath = "..\IS7024GroupProject\IS7024Service\"
		Release.AspNetCompiler.TargetPath = "PrecompiledWeb\localhost_50855\"
		Release.AspNetCompiler.Updateable = "true"
		Release.AspNetCompiler.ForceOverwrite = "true"
		Release.AspNetCompiler.FixedNames = "false"
		Release.AspNetCompiler.Debug = "False"
		VWDPort = "50855"
		SlnRelativePath = "..\IS7024GroupProject\IS7024Service\"
		DefaultWebSiteLanguage = "Visual C#"
	EndProjectSection
EndProject
Project("{FAE04EC0-301F-11D3-BF4B-00C04F79EFBC}") = "RESTService", "RESTService\RESTService.csproj", "{A8A2E447-6306-44BB-A633-CA5A1C3927F6}"
EndProject
Global
	GlobalSection(SolutionConfigurationPlatforms) = preSolution
		Debug|Any CPU = Debug|Any CPU
		Release|Any CPU = Release|Any CPU
	EndGlobalSection
	GlobalSection(ProjectConfigurationPlatforms) = postSolution
		{685D1F0B-6033-42D5-8850-B170DF55730B}.Debug|Any CPU.ActiveCfg = Debug|Any CPU
		{685D1F0B-6033-42D5-8850-B170DF55730B}.Debug|Any CPU.Build.0 = Debug|Any CPU
		{685D1F0B-6033-42D5-8850-B170DF55730B}.Release|Any CPU.ActiveCfg = Debug|Any CPU
		{685D1F0B-6033-42D5-8850-B170DF55730B}.Release|Any CPU.Build.0 = Debug|Any CPU
		{A8A2E447-6306-44BB-A633-CA5A1C3927F6}.Debug|Any CPU.ActiveCfg = Debug|Any CPU
		{A8A2E447-6306-44BB-A633-CA5A1C3927F6}.Debug|Any CPU.Build.0 = Debug|Any CPU
		{A8A2E447-6306-44BB-A633-CA5A1C3927F6}.Release|Any CPU.ActiveCfg = Release|Any CPU
		{A8A2E447-6306-44BB-A633-CA5A1C3927F6}.Release|Any CPU.Build.0 = Release|Any CPU
	EndGlobalSection
	GlobalSection(SolutionProperties) = preSolution
		HideSolutionNode = FALSE
	EndGlobalSection
	GlobalSection(ExtensibilityGlobals) = postSolution
		SolutionGuid = {7C9905EF-3E60-4019-8DF0-623F2550A9A4}
	EndGlobalSection
EndGlobal
